
Microsoft Visual Studio Solution File, Format Version 12.00
# Visual Studio Version 16
VisualStudioVersion = 16.0.30104.148
MinimumVisualStudioVersion = 10.0.40219.1
Project("{2150E333-8FDC-42A3-9474-1A3956D46DE8}") = "BLL", "BLL", "{0502944E-6A44-417A-884D-0EF7EA9AC349}"
EndProject
Project("{2150E333-8FDC-42A3-9474-1A3956D46DE8}") = "Common", "Common", "{B7DEB80E-4AF9-4EA1-A856-FEC984A2A468}"
EndProject
Project("{2150E333-8FDC-42A3-9474-1A3956D46DE8}") = "DAL", "DAL", "{4B06F472-AD70-4BA4-BA73-FB71FE8928CD}"
EndProject
Project("{2150E333-8FDC-42A3-9474-1A3956D46DE8}") = "PL", "PL", "{EEFA1460-28DE-40D6-BDB9-E37EFBD6A630}"
EndProject
Project("{FAE04EC0-301F-11D3-BF4B-00C04F79EFBC}") = "BLL", "BLL\BLL.csproj", "{E3AF4DC6-2C5D-4BCB-9B0F-377EE9D0D8EF}"
EndProject
Project("{FAE04EC0-301F-11D3-BF4B-00C04F79EFBC}") = "BLL.Interfaces", "BLL.Interfaces\BLL.Interfaces.csproj", "{015F6169-D0CF-40F5-913F-39E3FB5F654C}"
EndProject
Project("{FAE04EC0-301F-11D3-BF4B-00C04F79EFBC}") = "Entitiens", "Entitiens\Entitiens.csproj", "{24B43C8D-9D0C-478A-86C2-E320EACA0792}"
EndProject
Project("{FAE04EC0-301F-11D3-BF4B-00C04F79EFBC}") = "BLL.Dependencies", "BLL.Dependencies\BLL.Dependencies.csproj", "{9698D4E3-6E04-4F15-9A76-B4FD5D5EB071}"
EndProject
Project("{FAE04EC0-301F-11D3-BF4B-00C04F79EFBC}") = "DAL.Dependencies", "DAL.Dependencies\DAL.Dependencies.csproj", "{E0203013-FADD-4EA8-8527-F58646A67581}"
EndProject
Project("{FAE04EC0-301F-11D3-BF4B-00C04F79EFBC}") = "DAL.Json", "DAL.Json\DAL.Json.csproj", "{018FD091-527B-4C25-A58C-CFA7830F41AB}"
EndProject
Project("{FAE04EC0-301F-11D3-BF4B-00C04F79EFBC}") = "PL.Console", "PL.Console\PL.Console.csproj", "{C4293159-E19E-41CC-AC3D-85E941DA71A0}"
EndProject
Project("{FAE04EC0-301F-11D3-BF4B-00C04F79EFBC}") = "PL.Dependencies", "PL.Dependencies\PL.Dependencies.csproj", "{D18C71E7-6100-4A1B-A7E1-814648A04C94}"
EndProject
Project("{FAE04EC0-301F-11D3-BF4B-00C04F79EFBC}") = "DAL.Interfaces", "DAL.Interfaces\DAL.Interfaces.csproj", "{34ACA3B8-FC86-44C7-AADA-9CF83BD4CA36}"
EndProject
Project("{FAE04EC0-301F-11D3-BF4B-00C04F79EFBC}") = "PL.Interfaces", "PL.Interfaces\PL.Interfaces.csproj", "{43999C11-2199-4BD4-B66D-75296CC5F491}"
EndProject
Project("{FAE04EC0-301F-11D3-BF4B-00C04F79EFBC}") = "PL.WebApp", "PL.WebApp\PL.WebApp.csproj", "{E89991E9-7EBF-4D23-A885-8E5FA475899F}"
EndProject
Global
	GlobalSection(SolutionConfigurationPlatforms) = preSolution
		Debug|Any CPU = Debug|Any CPU
		Release|Any CPU = Release|Any CPU
	EndGlobalSection
	GlobalSection(ProjectConfigurationPlatforms) = postSolution
		{E3AF4DC6-2C5D-4BCB-9B0F-377EE9D0D8EF}.Debug|Any CPU.ActiveCfg = Debug|Any CPU
		{E3AF4DC6-2C5D-4BCB-9B0F-377EE9D0D8EF}.Debug|Any CPU.Build.0 = Debug|Any CPU
		{E3AF4DC6-2C5D-4BCB-9B0F-377EE9D0D8EF}.Release|Any CPU.ActiveCfg = Release|Any CPU
		{E3AF4DC6-2C5D-4BCB-9B0F-377EE9D0D8EF}.Release|Any CPU.Build.0 = Release|Any CPU
		{015F6169-D0CF-40F5-913F-39E3FB5F654C}.Debug|Any CPU.ActiveCfg = Debug|Any CPU
		{015F6169-D0CF-40F5-913F-39E3FB5F654C}.Debug|Any CPU.Build.0 = Debug|Any CPU
		{015F6169-D0CF-40F5-913F-39E3FB5F654C}.Release|Any CPU.ActiveCfg = Release|Any CPU
		{015F6169-D0CF-40F5-913F-39E3FB5F654C}.Release|Any CPU.Build.0 = Release|Any CPU
		{24B43C8D-9D0C-478A-86C2-E320EACA0792}.Debug|Any CPU.ActiveCfg = Debug|Any CPU
		{24B43C8D-9D0C-478A-86C2-E320EACA0792}.Debug|Any CPU.Build.0 = Debug|Any CPU
		{24B43C8D-9D0C-478A-86C2-E320EACA0792}.Release|Any CPU.ActiveCfg = Release|Any CPU
		{24B43C8D-9D0C-478A-86C2-E320EACA0792}.Release|Any CPU.Build.0 = Release|Any CPU
		{9698D4E3-6E04-4F15-9A76-B4FD5D5EB071}.Debug|Any CPU.ActiveCfg = Debug|Any CPU
		{9698D4E3-6E04-4F15-9A76-B4FD5D5EB071}.Debug|Any CPU.Build.0 = Debug|Any CPU
		{9698D4E3-6E04-4F15-9A76-B4FD5D5EB071}.Release|Any CPU.ActiveCfg = Release|Any CPU
		{9698D4E3-6E04-4F15-9A76-B4FD5D5EB071}.Release|Any CPU.Build.0 = Release|Any CPU
		{E0203013-FADD-4EA8-8527-F58646A67581}.Debug|Any CPU.ActiveCfg = Debug|Any CPU
		{E0203013-FADD-4EA8-8527-F58646A67581}.Debug|Any CPU.Build.0 = Debug|Any CPU
		{E0203013-FADD-4EA8-8527-F58646A67581}.Release|Any CPU.ActiveCfg = Release|Any CPU
		{E0203013-FADD-4EA8-8527-F58646A67581}.Release|Any CPU.Build.0 = Release|Any CPU
		{018FD091-527B-4C25-A58C-CFA7830F41AB}.Debug|Any CPU.ActiveCfg = Debug|Any CPU
		{018FD091-527B-4C25-A58C-CFA7830F41AB}.Debug|Any CPU.Build.0 = Debug|Any CPU
		{018FD091-527B-4C25-A58C-CFA7830F41AB}.Release|Any CPU.ActiveCfg = Release|Any CPU
		{018FD091-527B-4C25-A58C-CFA7830F41AB}.Release|Any CPU.Build.0 = Release|Any CPU
		{C4293159-E19E-41CC-AC3D-85E941DA71A0}.Debug|Any CPU.ActiveCfg = Debug|Any CPU
		{C4293159-E19E-41CC-AC3D-85E941DA71A0}.Debug|Any CPU.Build.0 = Debug|Any CPU
		{C4293159-E19E-41CC-AC3D-85E941DA71A0}.Release|Any CPU.ActiveCfg = Release|Any CPU
		{C4293159-E19E-41CC-AC3D-85E941DA71A0}.Release|Any CPU.Build.0 = Release|Any CPU
		{D18C71E7-6100-4A1B-A7E1-814648A04C94}.Debug|Any CPU.ActiveCfg = Debug|Any CPU
		{D18C71E7-6100-4A1B-A7E1-814648A04C94}.Debug|Any CPU.Build.0 = Debug|Any CPU
		{D18C71E7-6100-4A1B-A7E1-814648A04C94}.Release|Any CPU.ActiveCfg = Release|Any CPU
		{D18C71E7-6100-4A1B-A7E1-814648A04C94}.Release|Any CPU.Build.0 = Release|Any CPU
		{34ACA3B8-FC86-44C7-AADA-9CF83BD4CA36}.Debug|Any CPU.ActiveCfg = Debug|Any CPU
		{34ACA3B8-FC86-44C7-AADA-9CF83BD4CA36}.Debug|Any CPU.Build.0 = Debug|Any CPU
		{34ACA3B8-FC86-44C7-AADA-9CF83BD4CA36}.Release|Any CPU.ActiveCfg = Release|Any CPU
		{34ACA3B8-FC86-44C7-AADA-9CF83BD4CA36}.Release|Any CPU.Build.0 = Release|Any CPU
		{43999C11-2199-4BD4-B66D-75296CC5F491}.Debug|Any CPU.ActiveCfg = Debug|Any CPU
		{43999C11-2199-4BD4-B66D-75296CC5F491}.Debug|Any CPU.Build.0 = Debug|Any CPU
		{43999C11-2199-4BD4-B66D-75296CC5F491}.Release|Any CPU.ActiveCfg = Release|Any CPU
		{43999C11-2199-4BD4-B66D-75296CC5F491}.Release|Any CPU.Build.0 = Release|Any CPU
		{E89991E9-7EBF-4D23-A885-8E5FA475899F}.Debug|Any CPU.ActiveCfg = Debug|Any CPU
		{E89991E9-7EBF-4D23-A885-8E5FA475899F}.Debug|Any CPU.Build.0 = Debug|Any CPU
		{E89991E9-7EBF-4D23-A885-8E5FA475899F}.Release|Any CPU.ActiveCfg = Release|Any CPU
		{E89991E9-7EBF-4D23-A885-8E5FA475899F}.Release|Any CPU.Build.0 = Release|Any CPU
	EndGlobalSection
	GlobalSection(SolutionProperties) = preSolution
		HideSolutionNode = FALSE
	EndGlobalSection
	GlobalSection(NestedProjects) = preSolution
		{E3AF4DC6-2C5D-4BCB-9B0F-377EE9D0D8EF} = {0502944E-6A44-417A-884D-0EF7EA9AC349}
		{015F6169-D0CF-40F5-913F-39E3FB5F654C} = {0502944E-6A44-417A-884D-0EF7EA9AC349}
		{24B43C8D-9D0C-478A-86C2-E320EACA0792} = {B7DEB80E-4AF9-4EA1-A856-FEC984A2A468}
		{9698D4E3-6E04-4F15-9A76-B4FD5D5EB071} = {0502944E-6A44-417A-884D-0EF7EA9AC349}
		{E0203013-FADD-4EA8-8527-F58646A67581} = {4B06F472-AD70-4BA4-BA73-FB71FE8928CD}
		{018FD091-527B-4C25-A58C-CFA7830F41AB} = {4B06F472-AD70-4BA4-BA73-FB71FE8928CD}
		{C4293159-E19E-41CC-AC3D-85E941DA71A0} = {EEFA1460-28DE-40D6-BDB9-E37EFBD6A630}
		{D18C71E7-6100-4A1B-A7E1-814648A04C94} = {EEFA1460-28DE-40D6-BDB9-E37EFBD6A630}
		{34ACA3B8-FC86-44C7-AADA-9CF83BD4CA36} = {4B06F472-AD70-4BA4-BA73-FB71FE8928CD}
		{43999C11-2199-4BD4-B66D-75296CC5F491} = {EEFA1460-28DE-40D6-BDB9-E37EFBD6A630}
		{E89991E9-7EBF-4D23-A885-8E5FA475899F} = {EEFA1460-28DE-40D6-BDB9-E37EFBD6A630}
	EndGlobalSection
	GlobalSection(ExtensibilityGlobals) = postSolution
		SolutionGuid = {B7031A93-FCC8-4F2C-BB70-BE6FF06FD98A}
	EndGlobalSection
EndGlobal
