
Microsoft Visual Studio Solution File, Format Version 12.00
# Visual Studio Version 16
VisualStudioVersion = 16.0.30104.148
MinimumVisualStudioVersion = 10.0.40219.1
Project("{9092AA53-FB77-4645-B42D-1CCCA6BD08BD}") = "Task5_1", "Task5_1\Task5_1.njsproj", "{8BC095DF-FF8E-4682-A0FF-9A80492242A7}"
EndProject
Project("{9092AA53-FB77-4645-B42D-1CCCA6BD08BD}") = "Task5_2", "Task5_2\Task5_2.njsproj", "{92BA8539-FC83-4CCD-9A7A-D6B718BE276C}"
EndProject
Project("{9092AA53-FB77-4645-B42D-1CCCA6BD08BD}") = "Task5_3", "Task5_3\Task5_3.njsproj", "{E88E9E62-02DB-41BD-80EE-8BDF981A117D}"
EndProject
Global
	GlobalSection(SolutionConfigurationPlatforms) = preSolution
		Debug|Any CPU = Debug|Any CPU
		Release|Any CPU = Release|Any CPU
	EndGlobalSection
	GlobalSection(ProjectConfigurationPlatforms) = postSolution
		{8BC095DF-FF8E-4682-A0FF-9A80492242A7}.Debug|Any CPU.ActiveCfg = Debug|Any CPU
		{8BC095DF-FF8E-4682-A0FF-9A80492242A7}.Debug|Any CPU.Build.0 = Debug|Any CPU
		{8BC095DF-FF8E-4682-A0FF-9A80492242A7}.Release|Any CPU.ActiveCfg = Release|Any CPU
		{8BC095DF-FF8E-4682-A0FF-9A80492242A7}.Release|Any CPU.Build.0 = Release|Any CPU
		{92BA8539-FC83-4CCD-9A7A-D6B718BE276C}.Debug|Any CPU.ActiveCfg = Debug|Any CPU
		{92BA8539-FC83-4CCD-9A7A-D6B718BE276C}.Debug|Any CPU.Build.0 = Debug|Any CPU
		{92BA8539-FC83-4CCD-9A7A-D6B718BE276C}.Release|Any CPU.ActiveCfg = Release|Any CPU
		{92BA8539-FC83-4CCD-9A7A-D6B718BE276C}.Release|Any CPU.Build.0 = Release|Any CPU
		{E88E9E62-02DB-41BD-80EE-8BDF981A117D}.Debug|Any CPU.ActiveCfg = Debug|Any CPU
		{E88E9E62-02DB-41BD-80EE-8BDF981A117D}.Debug|Any CPU.Build.0 = Debug|Any CPU
		{E88E9E62-02DB-41BD-80EE-8BDF981A117D}.Release|Any CPU.ActiveCfg = Release|Any CPU
		{E88E9E62-02DB-41BD-80EE-8BDF981A117D}.Release|Any CPU.Build.0 = Release|Any CPU
	EndGlobalSection
	GlobalSection(SolutionProperties) = preSolution
		HideSolutionNode = FALSE
	EndGlobalSection
	GlobalSection(ExtensibilityGlobals) = postSolution
		SolutionGuid = {230AC773-5D8F-401B-A6C6-3E048756EFC1}
	EndGlobalSection
EndGlobal
